{
    "_readme": [
        "This file locks the dependencies of your project to a known state",
        "Read more about it at https://getcomposer.org/doc/01-basic-usage.md#composer-lock-the-lock-file",
        "This file is @generated automatically"
    ],
    "hash": "8e97620aecc4a0d325e23283869f8996",
    "packages": [
        {
            "name": "h4cc/wkhtmltopdf-amd64",
            "version": "0.12.2.1",
            "source": {
                "type": "git",
                "url": "https://github.com/h4cc/wkhtmltopdf-amd64.git",
                "reference": "9ea617154cf88b81c7c0f5e5fa2d2f731ba0ae6c"
            },
            "dist": {
                "type": "zip",
                "url": "https://api.github.com/repos/h4cc/wkhtmltopdf-amd64/zipball/9ea617154cf88b81c7c0f5e5fa2d2f731ba0ae6c",
                "reference": "9ea617154cf88b81c7c0f5e5fa2d2f731ba0ae6c",
                "shasum": ""
            },
            "bin": [
                "bin/wkhtmltopdf-amd64"
            ],
            "type": "library",
            "notification-url": "https://packagist.org/downloads/",
            "license": [
                "LGPL Version 3"
            ],
            "authors": [
                {
                    "name": "Julius Beckmann",
                    "email": "github@h4cc.de"
                }
            ],
            "description": "Convert html to pdf using webkit (qtwebkit). Static linked linux binary for amd64 systems.",
            "homepage": "http://wkhtmltopdf.org/",
            "keywords": [
                "binary",
                "convert",
                "pdf",
                "snapshot",
                "thumbnail",
                "wkhtmltopdf"
            ],
            "time": "2015-01-22 08:01:37"
        },
        {
            "name": "h4cc/wkhtmltopdf-i386",
            "version": "0.12.2.1",
            "source": {
                "type": "git",
                "url": "https://github.com/h4cc/wkhtmltopdf-i386.git",
                "reference": "9fac188d05e0893393e8c69c59a19caa8376f8ec"
            },
            "dist": {
                "type": "zip",
                "url": "https://api.github.com/repos/h4cc/wkhtmltopdf-i386/zipball/9fac188d05e0893393e8c69c59a19caa8376f8ec",
                "reference": "9fac188d05e0893393e8c69c59a19caa8376f8ec",
                "shasum": ""
            },
            "bin": [
                "bin/wkhtmltopdf-i386"
            ],
            "type": "library",
            "notification-url": "https://packagist.org/downloads/",
            "license": [
                "LGPL Version 3"
            ],
            "authors": [
                {
                    "name": "Julius Beckmann",
                    "email": "github@h4cc.de"
                }
            ],
            "description": "Convert html to pdf using webkit (qtwebkit). Static linked linux binary for i386 systems.",
            "homepage": "http://wkhtmltopdf.org/",
            "keywords": [
                "binary",
                "convert",
                "pdf",
                "snapshot",
                "thumbnail",
                "wkhtmltopdf"
            ],
            "time": "2015-01-22 07:59:36"
        },
        {
            "name": "knplabs/knp-snappy",
            "version": "0.4",
            "source": {
                "type": "git",
                "url": "https://github.com/KnpLabs/snappy.git",
                "reference": "f29edc4e53429deec2b394926a8f743a0ad2e28e"
            },
            "dist": {
                "type": "zip",
                "url": "https://api.github.com/repos/KnpLabs/snappy/zipball/f29edc4e53429deec2b394926a8f743a0ad2e28e",
                "reference": "f29edc4e53429deec2b394926a8f743a0ad2e28e",
                "shasum": ""
            },
            "require": {
                "php": ">=5.3.0"
            },
            "require-dev": {
                "symfony/process": "~2.1"
            },
            "suggest": {
                "h4cc/wkhtmltopdf-amd64": "Provide wkhtmltopdf-amd64 binary, use version `0.12.0` as dependency",
                "h4cc/wkhtmltopdf-i386": "Provide wkhtmltopdf-i386 binary, use version `0.12.0` as dependency"
            },
            "type": "library",
            "extra": {
                "branch-alias": {
                    "dev-master": "0.3.x-dev"
                }
            },
            "autoload": {
                "psr-0": {
                    "Knp\\Snappy": "src/"
                }
            },
            "notification-url": "https://packagist.org/downloads/",
            "license": [
                "MIT"
            ],
            "authors": [
                {
                    "name": "KnpLabs Team",
                    "homepage": "http://knplabs.com"
                },
                {
                    "name": "Symfony Community",
                    "homepage": "http://github.com/KnpLabs/snappy/contributors"
                }
            ],
            "description": "PHP5 library allowing thumbnail, snapshot or PDF generation from a url or a html page. Wrapper for wkhtmltopdf/wkhtmltoimage.",
            "homepage": "http://github.com/KnpLabs/snappy",
            "keywords": [
                "knp",
                "knplabs",
                "pdf",
                "snapshot",
                "thumbnail",
                "wkhtmltopdf"
            ],
            "time": "2015-05-07 07:43:07"
        },
        {
            "name": "pelago/emogrifier",
            "version": "dev-master",
            "source": {
                "type": "git",
                "url": "https://github.com/jjriv/emogrifier.git",
                "reference": "559db7c6b02d8d7ffa2d829966db68dd7e5ea4cc"
            },
            "dist": {
                "type": "zip",
                "url": "https://api.github.com/repos/jjriv/emogrifier/zipball/559db7c6b02d8d7ffa2d829966db68dd7e5ea4cc",
                "reference": "559db7c6b02d8d7ffa2d829966db68dd7e5ea4cc",
                "shasum": ""
            },
            "require": {
                "ext-mbstring": "*",
                "php": ">=5.4.0"
            },
            "require-dev": {
                "phpunit/phpunit": "~4.7.0",
                "squizlabs/php_codesniffer": "~2.3.0"
            },
            "type": "library",
            "autoload": {
                "psr-4": {
                    "Pelago\\": "Classes/"
                }
            },
            "notification-url": "https://packagist.org/downloads/",
            "license": [
                "MIT"
            ],
            "authors": [
                {
                    "name": "John Reeve",
                    "email": "jreeve@pelagodesign.com"
                },
                {
                    "name": "Cameron Brooks"
                },
                {
                    "name": "Jaime Prado"
                },
                {
                    "name": "Oliver Klee",
                    "email": "typo3-coding@oliverklee.de"
                },
                {
                    "name": "Roman Ožana",
                    "email": "ozana@omdesign.cz"
                }
            ],
            "description": "Converts CSS styles into inline style attributes in your HTML code",
            "homepage": "http://www.pelagodesign.com/sidecar/emogrifier/",
            "time": "2015-07-06 20:20:09"
        }
    ],
    "packages-dev": [],
    "aliases": [],
    "minimum-stability": "dev",
    "stability-flags": {
        "pelago/emogrifier": 20
    },
    "prefer-stable": false,
    "prefer-lowest": false,
    "platform": {
        "php": ">=5.3.0"
    },
    "platform-dev": []
}
